// !$*UTF8*$!
{
	archiveVersion = 1;
	classes = {
	};
	objectVersion = 46;
	objects = {

/* Begin PBXBuildFile section */
		6D5C93BD192155250038A54D /* SVProgressHUD.bundle in Resources */ = {isa = PBXBuildFile; fileRef = 6D5C93BA192155250038A54D /* SVProgressHUD.bundle */; };
		6D5C93BE192155250038A54D /* SVProgressHUD.m in Sources */ = {isa = PBXBuildFile; fileRef = 6D5C93BC192155250038A54D /* SVProgressHUD.m */; };
		6D5C93C0192156260038A54D /* libProj4.a in Frameworks */ = {isa = PBXBuildFile; fileRef = 6D5C93BF192156260038A54D /* libProj4.a */; };
		6D5C93C4192157340038A54D /* GeometryPoint.m in Sources */ = {isa = PBXBuildFile; fileRef = 6D5C93C3192157340038A54D /* GeometryPoint.m */; };
		6D5C93D519226E350038A54D /* CoordinatesHelper.m in Sources */ = {isa = PBXBuildFile; fileRef = 6D5C93D419226E350038A54D /* CoordinatesHelper.m */; };
		6D5C93D9192271AB0038A54D /* Projection.m in Sources */ = {isa = PBXBuildFile; fileRef = 6D5C93D8192271AB0038A54D /* Projection.m */; };
		6D923119191EBCF5009F5A5A /* Foundation.framework in Frameworks */ = {isa = PBXBuildFile; fileRef = 6D923118191EBCF5009F5A5A /* Foundation.framework */; };
		6D92311B191EBCF5009F5A5A /* CoreGraphics.framework in Frameworks */ = {isa = PBXBuildFile; fileRef = 6D92311A191EBCF5009F5A5A /* CoreGraphics.framework */; };
		6D92311D191EBCF5009F5A5A /* UIKit.framework in Frameworks */ = {isa = PBXBuildFile; fileRef = 6D92311C191EBCF5009F5A5A /* UIKit.framework */; };
		6D923123191EBCF5009F5A5A /* InfoPlist.strings in Resources */ = {isa = PBXBuildFile; fileRef = 6D923121191EBCF5009F5A5A /* InfoPlist.strings */; };
		6D923125191EBCF5009F5A5A /* main.m in Sources */ = {isa = PBXBuildFile; fileRef = 6D923124191EBCF5009F5A5A /* main.m */; };
		6D923129191EBCF5009F5A5A /* AppDelegate.m in Sources */ = {isa = PBXBuildFile; fileRef = 6D923128191EBCF5009F5A5A /* AppDelegate.m */; };
		6D92312C191EBCF6009F5A5A /* Main_iPhone.storyboard in Resources */ = {isa = PBXBuildFile; fileRef = 6D92312A191EBCF6009F5A5A /* Main_iPhone.storyboard */; };
		6D92312F191EBCF6009F5A5A /* Main_iPad.storyboard in Resources */ = {isa = PBXBuildFile; fileRef = 6D92312D191EBCF6009F5A5A /* Main_iPad.storyboard */; };
		6D923132191EBCF6009F5A5A /* ViewController.m in Sources */ = {isa = PBXBuildFile; fileRef = 6D923131191EBCF6009F5A5A /* ViewController.m */; };
		6D923134191EBCF6009F5A5A /* Images.xcassets in Resources */ = {isa = PBXBuildFile; fileRef = 6D923133191EBCF6009F5A5A /* Images.xcassets */; };
		6D92313B191EBCF6009F5A5A /* XCTest.framework in Frameworks */ = {isa = PBXBuildFile; fileRef = 6D92313A191EBCF6009F5A5A /* XCTest.framework */; };
		6D92313C191EBCF6009F5A5A /* Foundation.framework in Frameworks */ = {isa = PBXBuildFile; fileRef = 6D923118191EBCF5009F5A5A /* Foundation.framework */; };
		6D92313D191EBCF6009F5A5A /* UIKit.framework in Frameworks */ = {isa = PBXBuildFile; fileRef = 6D92311C191EBCF5009F5A5A /* UIKit.framework */; };
		6D923145191EBCF6009F5A5A /* InfoPlist.strings in Resources */ = {isa = PBXBuildFile; fileRef = 6D923143191EBCF6009F5A5A /* InfoPlist.strings */; };
		6D923147191EBCF6009F5A5A /* CitronGISTests.m in Sources */ = {isa = PBXBuildFile; fileRef = 6D923146191EBCF6009F5A5A /* CitronGISTests.m */; };
		6D923158191FC237009F5A5A /* citron_citrongis120.png in Resources */ = {isa = PBXBuildFile; fileRef = 6D923157191FC236009F5A5A /* citron_citrongis120.png */; };
		CC0DCAD5DB264F4383C70100 /* libPods.a in Frameworks */ = {isa = PBXBuildFile; fileRef = F93A700A8C9B47A986A02BE0 /* libPods.a */; };
/* End PBXBuildFile section */

/* Begin PBXContainerItemProxy section */
		6D92313E191EBCF6009F5A5A /* PBXContainerItemProxy */ = {
			isa = PBXContainerItemProxy;
			containerPortal = 6D92310D191EBCF5009F5A5A /* Project object */;
			proxyType = 1;
			remoteGlobalIDString = 6D923114191EBCF5009F5A5A;
			remoteInfo = CitronGIS;
		};
/* End PBXContainerItemProxy section */

/* Begin PBXFileReference section */
		6D5C93B0192154860038A54D /* libSVProgressHUD.a */ = {isa = PBXFileReference; lastKnownFileType = archive.ar; name = libSVProgressHUD.a; path = "../SVProgressHUD-master/build/Debug-iphoneos/libSVProgressHUD.a"; sourceTree = "<group>"; };
		6D5C93B21921548E0038A54D /* libProj4.a */ = {isa = PBXFileReference; lastKnownFileType = archive.ar; name = libProj4.a; path = "../Proj4-master/build/Debug-iphoneos/libProj4.a"; sourceTree = "<group>"; };
		6D5C93BA192155250038A54D /* SVProgressHUD.bundle */ = {isa = PBXFileReference; lastKnownFileType = "wrapper.plug-in"; path = SVProgressHUD.bundle; sourceTree = "<group>"; };
		6D5C93BB192155250038A54D /* SVProgressHUD.h */ = {isa = PBXFileReference; fileEncoding = 4; lastKnownFileType = sourcecode.c.h; path = SVProgressHUD.h; sourceTree = "<group>"; };
		6D5C93BC192155250038A54D /* SVProgressHUD.m */ = {isa = PBXFileReference; fileEncoding = 4; lastKnownFileType = sourcecode.c.objc; path = SVProgressHUD.m; sourceTree = "<group>"; };
		6D5C93BF192156260038A54D /* libProj4.a */ = {isa = PBXFileReference; lastKnownFileType = archive.ar; name = libProj4.a; path = "../Proj4-master/build/Debug-iphoneos/libProj4.a"; sourceTree = "<group>"; };
		6D5C93C2192157340038A54D /* GeometryPoint.h */ = {isa = PBXFileReference; fileEncoding = 4; lastKnownFileType = sourcecode.c.h; path = GeometryPoint.h; sourceTree = "<group>"; };
		6D5C93C3192157340038A54D /* GeometryPoint.m */ = {isa = PBXFileReference; fileEncoding = 4; lastKnownFileType = sourcecode.c.objc; path = GeometryPoint.m; sourceTree = "<group>"; };
		6D5C93D319226E350038A54D /* CoordinatesHelper.h */ = {isa = PBXFileReference; fileEncoding = 4; lastKnownFileType = sourcecode.c.h; path = CoordinatesHelper.h; sourceTree = "<group>"; };
		6D5C93D419226E350038A54D /* CoordinatesHelper.m */ = {isa = PBXFileReference; fileEncoding = 4; lastKnownFileType = sourcecode.c.objc; path = CoordinatesHelper.m; sourceTree = "<group>"; };
		6D5C93D7192271AB0038A54D /* Projection.h */ = {isa = PBXFileReference; fileEncoding = 4; lastKnownFileType = sourcecode.c.h; path = Projection.h; sourceTree = "<group>"; };
		6D5C93D8192271AB0038A54D /* Projection.m */ = {isa = PBXFileReference; fileEncoding = 4; lastKnownFileType = sourcecode.c.objc; path = Projection.m; sourceTree = "<group>"; };
		6D923115191EBCF5009F5A5A /* CitronGIS.app */ = {isa = PBXFileReference; explicitFileType = wrapper.application; includeInIndex = 0; path = CitronGIS.app; sourceTree = BUILT_PRODUCTS_DIR; };
		6D923118191EBCF5009F5A5A /* Foundation.framework */ = {isa = PBXFileReference; lastKnownFileType = wrapper.framework; name = Foundation.framework; path = System/Library/Frameworks/Foundation.framework; sourceTree = SDKROOT; };
		6D92311A191EBCF5009F5A5A /* CoreGraphics.framework */ = {isa = PBXFileReference; lastKnownFileType = wrapper.framework; name = CoreGraphics.framework; path = System/Library/Frameworks/CoreGraphics.framework; sourceTree = SDKROOT; };
		6D92311C191EBCF5009F5A5A /* UIKit.framework */ = {isa = PBXFileReference; lastKnownFileType = wrapper.framework; name = UIKit.framework; path = System/Library/Frameworks/UIKit.framework; sourceTree = SDKROOT; };
		6D923120191EBCF5009F5A5A /* CitronGIS-Info.plist */ = {isa = PBXFileReference; lastKnownFileType = text.plist.xml; path = "CitronGIS-Info.plist"; sourceTree = "<group>"; };
		6D923122191EBCF5009F5A5A /* en */ = {isa = PBXFileReference; lastKnownFileType = text.plist.strings; name = en; path = en.lproj/InfoPlist.strings; sourceTree = "<group>"; };
		6D923124191EBCF5009F5A5A /* main.m */ = {isa = PBXFileReference; lastKnownFileType = sourcecode.c.objc; path = main.m; sourceTree = "<group>"; };
		6D923126191EBCF5009F5A5A /* CitronGIS-Prefix.pch */ = {isa = PBXFileReference; lastKnownFileType = sourcecode.c.h; path = "CitronGIS-Prefix.pch"; sourceTree = "<group>"; };
		6D923127191EBCF5009F5A5A /* AppDelegate.h */ = {isa = PBXFileReference; lastKnownFileType = sourcecode.c.h; path = AppDelegate.h; sourceTree = "<group>"; };
		6D923128191EBCF5009F5A5A /* AppDelegate.m */ = {isa = PBXFileReference; lastKnownFileType = sourcecode.c.objc; path = AppDelegate.m; sourceTree = "<group>"; };
		6D92312B191EBCF6009F5A5A /* Base */ = {isa = PBXFileReference; lastKnownFileType = file.storyboard; name = Base; path = Base.lproj/Main_iPhone.storyboard; sourceTree = "<group>"; };
		6D92312E191EBCF6009F5A5A /* Base */ = {isa = PBXFileReference; lastKnownFileType = file.storyboard; name = Base; path = Base.lproj/Main_iPad.storyboard; sourceTree = "<group>"; };
		6D923130191EBCF6009F5A5A /* ViewController.h */ = {isa = PBXFileReference; lastKnownFileType = sourcecode.c.h; path = ViewController.h; sourceTree = "<group>"; };
		6D923131191EBCF6009F5A5A /* ViewController.m */ = {isa = PBXFileReference; lastKnownFileType = sourcecode.c.objc; path = ViewController.m; sourceTree = "<group>"; };
		6D923133191EBCF6009F5A5A /* Images.xcassets */ = {isa = PBXFileReference; lastKnownFileType = folder.assetcatalog; path = Images.xcassets; sourceTree = "<group>"; };
		6D923139191EBCF6009F5A5A /* CitronGISTests.xctest */ = {isa = PBXFileReference; explicitFileType = wrapper.cfbundle; includeInIndex = 0; path = CitronGISTests.xctest; sourceTree = BUILT_PRODUCTS_DIR; };
		6D92313A191EBCF6009F5A5A /* XCTest.framework */ = {isa = PBXFileReference; lastKnownFileType = wrapper.framework; name = XCTest.framework; path = Library/Frameworks/XCTest.framework; sourceTree = DEVELOPER_DIR; };
		6D923142191EBCF6009F5A5A /* CitronGISTests-Info.plist */ = {isa = PBXFileReference; lastKnownFileType = text.plist.xml; path = "CitronGISTests-Info.plist"; sourceTree = "<group>"; };
		6D923144191EBCF6009F5A5A /* en */ = {isa = PBXFileReference; lastKnownFileType = text.plist.strings; name = en; path = en.lproj/InfoPlist.strings; sourceTree = "<group>"; };
		6D923146191EBCF6009F5A5A /* CitronGISTests.m */ = {isa = PBXFileReference; lastKnownFileType = sourcecode.c.objc; path = CitronGISTests.m; sourceTree = "<group>"; };
		6D923157191FC236009F5A5A /* citron_citrongis120.png */ = {isa = PBXFileReference; lastKnownFileType = image.png; path = citron_citrongis120.png; sourceTree = "<group>"; };
		EB87686F11BE42FC8F268422 /* Pods.xcconfig */ = {isa = PBXFileReference; includeInIndex = 1; lastKnownFileType = text.xcconfig; name = Pods.xcconfig; path = Pods/Pods.xcconfig; sourceTree = "<group>"; };
		F93A700A8C9B47A986A02BE0 /* libPods.a */ = {isa = PBXFileReference; explicitFileType = archive.ar; includeInIndex = 0; path = libPods.a; sourceTree = BUILT_PRODUCTS_DIR; };
/* End PBXFileReference section */

/* Begin PBXFrameworksBuildPhase section */
		6D923112191EBCF5009F5A5A /* Frameworks */ = {
			isa = PBXFrameworksBuildPhase;
			buildActionMask = 2147483647;
			files = (
				6D5C93C0192156260038A54D /* libProj4.a in Frameworks */,
				6D92311B191EBCF5009F5A5A /* CoreGraphics.framework in Frameworks */,
				6D92311D191EBCF5009F5A5A /* UIKit.framework in Frameworks */,
				6D923119191EBCF5009F5A5A /* Foundation.framework in Frameworks */,
				CC0DCAD5DB264F4383C70100 /* libPods.a in Frameworks */,
			);
			runOnlyForDeploymentPostprocessing = 0;
		};
		6D923136191EBCF6009F5A5A /* Frameworks */ = {
			isa = PBXFrameworksBuildPhase;
			buildActionMask = 2147483647;
			files = (
				6D92313B191EBCF6009F5A5A /* XCTest.framework in Frameworks */,
				6D92313D191EBCF6009F5A5A /* UIKit.framework in Frameworks */,
				6D92313C191EBCF6009F5A5A /* Foundation.framework in Frameworks */,
			);
			runOnlyForDeploymentPostprocessing = 0;
		};
/* End PBXFrameworksBuildPhase section */

/* Begin PBXGroup section */
		6D5C93C11921568D0038A54D /* Point */ = {
			isa = PBXGroup;
			children = (
				6D5C93C2192157340038A54D /* GeometryPoint.h */,
				6D5C93C3192157340038A54D /* GeometryPoint.m */,
			);
			name = Point;
			sourceTree = "<group>";
		};
		6D5C93CF19226DEE0038A54D /* Geometry */ = {
			isa = PBXGroup;
			children = (
				6D5C93C11921568D0038A54D /* Point */,
			);
			name = Geometry;
			sourceTree = "<group>";
		};
		6D5C93D119226E090038A54D /* Helpers */ = {
			isa = PBXGroup;
			children = (
				6D5C93D219226E0E0038A54D /* CoordinatesHelper */,
			);
			name = Helpers;
			sourceTree = "<group>";
		};
		6D5C93D219226E0E0038A54D /* CoordinatesHelper */ = {
			isa = PBXGroup;
			children = (
				6D5C93D319226E350038A54D /* CoordinatesHelper.h */,
				6D5C93D419226E350038A54D /* CoordinatesHelper.m */,
			);
			name = CoordinatesHelper;
			sourceTree = "<group>";
		};
		6D5C93D6192271920038A54D /* Projection */ = {
			isa = PBXGroup;
			children = (
				6D5C93D7192271AB0038A54D /* Projection.h */,
				6D5C93D8192271AB0038A54D /* Projection.m */,
			);
			name = Projection;
			sourceTree = "<group>";
		};
		6D92310C191EBCF5009F5A5A = {
			isa = PBXGroup;
			children = (
				6D92311E191EBCF5009F5A5A /* CitronGIS */,
				6D923140191EBCF6009F5A5A /* CitronGISTests */,
				6D923117191EBCF5009F5A5A /* Frameworks */,
				6D923116191EBCF5009F5A5A /* Products */,
				EB87686F11BE42FC8F268422 /* Pods.xcconfig */,
			);
			sourceTree = "<group>";
		};
		6D923116191EBCF5009F5A5A /* Products */ = {
			isa = PBXGroup;
			children = (
				6D923115191EBCF5009F5A5A /* CitronGIS.app */,
				6D923139191EBCF6009F5A5A /* CitronGISTests.xctest */,
			);
			name = Products;
			sourceTree = "<group>";
		};
		6D923117191EBCF5009F5A5A /* Frameworks */ = {
			isa = PBXGroup;
			children = (
				6D5C93BF192156260038A54D /* libProj4.a */,
				6D5C93B21921548E0038A54D /* libProj4.a */,
				6D5C93B0192154860038A54D /* libSVProgressHUD.a */,
				6D923118191EBCF5009F5A5A /* Foundation.framework */,
				6D92311A191EBCF5009F5A5A /* CoreGraphics.framework */,
				6D92311C191EBCF5009F5A5A /* UIKit.framework */,
				6D92313A191EBCF6009F5A5A /* XCTest.framework */,
				F93A700A8C9B47A986A02BE0 /* libPods.a */,
			);
			name = Frameworks;
			sourceTree = "<group>";
		};
		6D92311E191EBCF5009F5A5A /* CitronGIS */ = {
			isa = PBXGroup;
			children = (
				6D5C93D6192271920038A54D /* Projection */,
				6D5C93D119226E090038A54D /* Helpers */,
				6D5C93CF19226DEE0038A54D /* Geometry */,
				6DF2B608192152020053BCD0 /* Libs */,
				6D923151191FBEC0009F5A5A /* Ressources */,
				6D923150191FBE00009F5A5A /* Library */,
				6D923127191EBCF5009F5A5A /* AppDelegate.h */,
				6D923128191EBCF5009F5A5A /* AppDelegate.m */,
				6D92312A191EBCF6009F5A5A /* Main_iPhone.storyboard */,
				6D92312D191EBCF6009F5A5A /* Main_iPad.storyboard */,
				6D923130191EBCF6009F5A5A /* ViewController.h */,
				6D923131191EBCF6009F5A5A /* ViewController.m */,
				6D923133191EBCF6009F5A5A /* Images.xcassets */,
				6D92311F191EBCF5009F5A5A /* Supporting Files */,
			);
			path = CitronGIS;
			sourceTree = "<group>";
		};
		6D92311F191EBCF5009F5A5A /* Supporting Files */ = {
			isa = PBXGroup;
			children = (
				6D923120191EBCF5009F5A5A /* CitronGIS-Info.plist */,
				6D923121191EBCF5009F5A5A /* InfoPlist.strings */,
				6D923124191EBCF5009F5A5A /* main.m */,
				6D923126191EBCF5009F5A5A /* CitronGIS-Prefix.pch */,
			);
			name = "Supporting Files";
			sourceTree = "<group>";
		};
		6D923140191EBCF6009F5A5A /* CitronGISTests */ = {
			isa = PBXGroup;
			children = (
				6D923146191EBCF6009F5A5A /* CitronGISTests.m */,
				6D923141191EBCF6009F5A5A /* Supporting Files */,
			);
			path = CitronGISTests;
			sourceTree = "<group>";
		};
		6D923141191EBCF6009F5A5A /* Supporting Files */ = {
			isa = PBXGroup;
			children = (
				6D923142191EBCF6009F5A5A /* CitronGISTests-Info.plist */,
				6D923143191EBCF6009F5A5A /* InfoPlist.strings */,
			);
			name = "Supporting Files";
			sourceTree = "<group>";
		};
		6D923150191FBE00009F5A5A /* Library */ = {
			isa = PBXGroup;
			children = (
			);
			name = Library;
			sourceTree = "<group>";
		};
		6D923151191FBEC0009F5A5A /* Ressources */ = {
			isa = PBXGroup;
			children = (
				6D923152191FBEC4009F5A5A /* AppIcon */,
			);
			name = Ressources;
			sourceTree = "<group>";
		};
		6D923152191FBEC4009F5A5A /* AppIcon */ = {
			isa = PBXGroup;
			children = (
				6D923157191FC236009F5A5A /* citron_citrongis120.png */,
			);
			name = AppIcon;
			sourceTree = "<group>";
		};
		6DF2B608192152020053BCD0 /* Libs */ = {
			isa = PBXGroup;
			children = (
				6D5C93BA192155250038A54D /* SVProgressHUD.bundle */,
				6D5C93BB192155250038A54D /* SVProgressHUD.h */,
				6D5C93BC192155250038A54D /* SVProgressHUD.m */,
			);
			name = Libs;
			sourceTree = "<group>";
		};
/* End PBXGroup section */

/* Begin PBXNativeTarget section */
		6D923114191EBCF5009F5A5A /* CitronGIS */ = {
			isa = PBXNativeTarget;
			buildConfigurationList = 6D92314A191EBCF6009F5A5A /* Build configuration list for PBXNativeTarget "CitronGIS" */;
			buildPhases = (
				E6D734863F9149E1A7505F6A /* Check Pods Manifest.lock */,
				6D923111191EBCF5009F5A5A /* Sources */,
				6D923112191EBCF5009F5A5A /* Frameworks */,
				6D923113191EBCF5009F5A5A /* Resources */,
				51E156DE15014F76BA703A4C /* Copy Pods Resources */,
			);
			buildRules = (
			);
			dependencies = (
			);
			name = CitronGIS;
			productName = CitronGIS;
			productReference = 6D923115191EBCF5009F5A5A /* CitronGIS.app */;
			productType = "com.apple.product-type.application";
		};
		6D923138191EBCF6009F5A5A /* CitronGISTests */ = {
			isa = PBXNativeTarget;
			buildConfigurationList = 6D92314D191EBCF6009F5A5A /* Build configuration list for PBXNativeTarget "CitronGISTests" */;
			buildPhases = (
				6D923135191EBCF6009F5A5A /* Sources */,
				6D923136191EBCF6009F5A5A /* Frameworks */,
				6D923137191EBCF6009F5A5A /* Resources */,
			);
			buildRules = (
			);
			dependencies = (
				6D92313F191EBCF6009F5A5A /* PBXTargetDependency */,
			);
			name = CitronGISTests;
			productName = CitronGISTests;
			productReference = 6D923139191EBCF6009F5A5A /* CitronGISTests.xctest */;
			productType = "com.apple.product-type.bundle.unit-test";
		};
/* End PBXNativeTarget section */

/* Begin PBXProject section */
		6D92310D191EBCF5009F5A5A /* Project object */ = {
			isa = PBXProject;
			attributes = {
				LastUpgradeCheck = 0510;
				ORGANIZATIONNAME = "Charly DELAROCHE";
				TargetAttributes = {
					6D923138191EBCF6009F5A5A = {
						TestTargetID = 6D923114191EBCF5009F5A5A;
					};
				};
			};
			buildConfigurationList = 6D923110191EBCF5009F5A5A /* Build configuration list for PBXProject "CitronGIS" */;
			compatibilityVersion = "Xcode 3.2";
			developmentRegion = English;
			hasScannedForEncodings = 0;
			knownRegions = (
				en,
				Base,
			);
			mainGroup = 6D92310C191EBCF5009F5A5A;
			productRefGroup = 6D923116191EBCF5009F5A5A /* Products */;
			projectDirPath = "";
			projectRoot = "";
			targets = (
				6D923114191EBCF5009F5A5A /* CitronGIS */,
				6D923138191EBCF6009F5A5A /* CitronGISTests */,
			);
		};
/* End PBXProject section */

/* Begin PBXResourcesBuildPhase section */
		6D923113191EBCF5009F5A5A /* Resources */ = {
			isa = PBXResourcesBuildPhase;
			buildActionMask = 2147483647;
			files = (
				6D92312F191EBCF6009F5A5A /* Main_iPad.storyboard in Resources */,
				6D5C93BD192155250038A54D /* SVProgressHUD.bundle in Resources */,
				6D923134191EBCF6009F5A5A /* Images.xcassets in Resources */,
				6D923158191FC237009F5A5A /* citron_citrongis120.png in Resources */,
				6D92312C191EBCF6009F5A5A /* Main_iPhone.storyboard in Resources */,
				6D923123191EBCF5009F5A5A /* InfoPlist.strings in Resources */,
			);
			runOnlyForDeploymentPostprocessing = 0;
		};
		6D923137191EBCF6009F5A5A /* Resources */ = {
			isa = PBXResourcesBuildPhase;
			buildActionMask = 2147483647;
			files = (
				6D923145191EBCF6009F5A5A /* InfoPlist.strings in Resources */,
			);
			runOnlyForDeploymentPostprocessing = 0;
		};
/* End PBXResourcesBuildPhase section */

/* Begin PBXShellScriptBuildPhase section */
		51E156DE15014F76BA703A4C /* Copy Pods Resources */ = {
			isa = PBXShellScriptBuildPhase;
			buildActionMask = 2147483647;
			files = (
			);
			inputPaths = (
			);
			name = "Copy Pods Resources";
			outputPaths = (
			);
			runOnlyForDeploymentPostprocessing = 0;
			shellPath = /bin/sh;
			shellScript = "\"${SRCROOT}/Pods/Pods-resources.sh\"\n";
			showEnvVarsInLog = 0;
		};
		E6D734863F9149E1A7505F6A /* Check Pods Manifest.lock */ = {
			isa = PBXShellScriptBuildPhase;
			buildActionMask = 2147483647;
			files = (
			);
			inputPaths = (
			);
			name = "Check Pods Manifest.lock";
			outputPaths = (
			);
			runOnlyForDeploymentPostprocessing = 0;
			shellPath = /bin/sh;
			shellScript = "diff \"${PODS_ROOT}/../Podfile.lock\" \"${PODS_ROOT}/Manifest.lock\" > /dev/null\nif [[ $? != 0 ]] ; then\n    cat << EOM\nerror: The sandbox is not in sync with the Podfile.lock. Run 'pod install' or update your CocoaPods installation.\nEOM\n    exit 1\nfi\n";
			showEnvVarsInLog = 0;
		};
/* End PBXShellScriptBuildPhase section */

/* Begin PBXSourcesBuildPhase section */
		6D923111191EBCF5009F5A5A /* Sources */ = {
			isa = PBXSourcesBuildPhase;
			buildActionMask = 2147483647;
			files = (
				6D923132191EBCF6009F5A5A /* ViewController.m in Sources */,
				6D5C93BE192155250038A54D /* SVProgressHUD.m in Sources */,
				6D923129191EBCF5009F5A5A /* AppDelegate.m in Sources */,
				6D5C93D519226E350038A54D /* CoordinatesHelper.m in Sources */,
				6D5C93C4192157340038A54D /* GeometryPoint.m in Sources */,
				6D5C93D9192271AB0038A54D /* Projection.m in Sources */,
				6D923125191EBCF5009F5A5A /* main.m in Sources */,
			);
			runOnlyForDeploymentPostprocessing = 0;
		};
		6D923135191EBCF6009F5A5A /* Sources */ = {
			isa = PBXSourcesBuildPhase;
			buildActionMask = 2147483647;
			files = (
				6D923147191EBCF6009F5A5A /* CitronGISTests.m in Sources */,
			);
			runOnlyForDeploymentPostprocessing = 0;
		};
/* End PBXSourcesBuildPhase section */

/* Begin PBXTargetDependency section */
		6D92313F191EBCF6009F5A5A /* PBXTargetDependency */ = {
			isa = PBXTargetDependency;
			target = 6D923114191EBCF5009F5A5A /* CitronGIS */;
			targetProxy = 6D92313E191EBCF6009F5A5A /* PBXContainerItemProxy */;
		};
/* End PBXTargetDependency section */

/* Begin PBXVariantGroup section */
		6D923121191EBCF5009F5A5A /* InfoPlist.strings */ = {
			isa = PBXVariantGroup;
			children = (
				6D923122191EBCF5009F5A5A /* en */,
			);
			name = InfoPlist.strings;
			sourceTree = "<group>";
		};
		6D92312A191EBCF6009F5A5A /* Main_iPhone.storyboard */ = {
			isa = PBXVariantGroup;
			children = (
				6D92312B191EBCF6009F5A5A /* Base */,
			);
			name = Main_iPhone.storyboard;
			sourceTree = "<group>";
		};
		6D92312D191EBCF6009F5A5A /* Main_iPad.storyboard */ = {
			isa = PBXVariantGroup;
			children = (
				6D92312E191EBCF6009F5A5A /* Base */,
			);
			name = Main_iPad.storyboard;
			sourceTree = "<group>";
		};
		6D923143191EBCF6009F5A5A /* InfoPlist.strings */ = {
			isa = PBXVariantGroup;
			children = (
				6D923144191EBCF6009F5A5A /* en */,
			);
			name = InfoPlist.strings;
			sourceTree = "<group>";
		};
/* End PBXVariantGroup section */

/* Begin XCBuildConfiguration section */
		6D923148191EBCF6009F5A5A /* Debug */ = {
			isa = XCBuildConfiguration;
			buildSettings = {
				ALWAYS_SEARCH_USER_PATHS = NO;
				CLANG_CXX_LANGUAGE_STANDARD = "gnu++0x";
				CLANG_CXX_LIBRARY = "libc++";
				CLANG_ENABLE_MODULES = YES;
				CLANG_ENABLE_OBJC_ARC = YES;
				CLANG_WARN_BOOL_CONVERSION = YES;
				CLANG_WARN_CONSTANT_CONVERSION = YES;
				CLANG_WARN_DIRECT_OBJC_ISA_USAGE = YES_ERROR;
				CLANG_WARN_EMPTY_BODY = YES;
				CLANG_WARN_ENUM_CONVERSION = YES;
				CLANG_WARN_INT_CONVERSION = YES;
				CLANG_WARN_OBJC_ROOT_CLASS = YES_ERROR;
				CLANG_WARN__DUPLICATE_METHOD_MATCH = YES;
				CODE_SIGN_IDENTITY = "iPhone Developer: Charly Delaroche (75273S5FXF)";
				"CODE_SIGN_IDENTITY[sdk=iphoneos*]" = "iPhone Developer: Charly Delaroche (75273S5FXF)";
				COPY_PHASE_STRIP = NO;
				GCC_C_LANGUAGE_STANDARD = gnu99;
				GCC_DYNAMIC_NO_PIC = NO;
				GCC_OPTIMIZATION_LEVEL = 0;
				GCC_PREPROCESSOR_DEFINITIONS = (
					"DEBUG=1",
					"$(inherited)",
				);
				GCC_SYMBOLS_PRIVATE_EXTERN = NO;
				GCC_WARN_64_TO_32_BIT_CONVERSION = YES;
				GCC_WARN_ABOUT_RETURN_TYPE = YES_ERROR;
				GCC_WARN_UNDECLARED_SELECTOR = YES;
				GCC_WARN_UNINITIALIZED_AUTOS = YES_AGGRESSIVE;
				GCC_WARN_UNUSED_FUNCTION = YES;
				GCC_WARN_UNUSED_VARIABLE = YES;
				IPHONEOS_DEPLOYMENT_TARGET = 7.1;
				ONLY_ACTIVE_ARCH = YES;
				PROVISIONING_PROFILE = "1732DF5F-C64B-4800-8CCE-14F229C6607D";
				SDKROOT = iphoneos;
				TARGETED_DEVICE_FAMILY = "1,2";
			};
			name = Debug;
		};
		6D923149191EBCF6009F5A5A /* Release */ = {
			isa = XCBuildConfiguration;
			buildSettings = {
				ALWAYS_SEARCH_USER_PATHS = NO;
				CLANG_CXX_LANGUAGE_STANDARD = "gnu++0x";
				CLANG_CXX_LIBRARY = "libc++";
				CLANG_ENABLE_MODULES = YES;
				CLANG_ENABLE_OBJC_ARC = YES;
				CLANG_WARN_BOOL_CONVERSION = YES;
				CLANG_WARN_CONSTANT_CONVERSION = YES;
				CLANG_WARN_DIRECT_OBJC_ISA_USAGE = YES_ERROR;
				CLANG_WARN_EMPTY_BODY = YES;
				CLANG_WARN_ENUM_CONVERSION = YES;
				CLANG_WARN_INT_CONVERSION = YES;
				CLANG_WARN_OBJC_ROOT_CLASS = YES_ERROR;
				CLANG_WARN__DUPLICATE_METHOD_MATCH = YES;
				CODE_SIGN_IDENTITY = "iPhone Distribution: Charly Delaroche (45DB4NSQF5)";
				"CODE_SIGN_IDENTITY[sdk=iphoneos*]" = "iPhone Distribution: Charly Delaroche (45DB4NSQF5)";
				COPY_PHASE_STRIP = YES;
				ENABLE_NS_ASSERTIONS = NO;
				GCC_C_LANGUAGE_STANDARD = gnu99;
				GCC_WARN_64_TO_32_BIT_CONVERSION = YES;
				GCC_WARN_ABOUT_RETURN_TYPE = YES_ERROR;
				GCC_WARN_UNDECLARED_SELECTOR = YES;
				GCC_WARN_UNINITIALIZED_AUTOS = YES_AGGRESSIVE;
				GCC_WARN_UNUSED_FUNCTION = YES;
				GCC_WARN_UNUSED_VARIABLE = YES;
				IPHONEOS_DEPLOYMENT_TARGET = 7.1;
				PROVISIONING_PROFILE = "EB27A828-3BD7-40AB-AB6A-2AD20DD78E62";
				SDKROOT = iphoneos;
				TARGETED_DEVICE_FAMILY = "1,2";
				VALIDATE_PRODUCT = YES;
			};
			name = Release;
		};
		6D92314B191EBCF6009F5A5A /* Debug */ = {
			isa = XCBuildConfiguration;
			baseConfigurationReference = EB87686F11BE42FC8F268422 /* Pods.xcconfig */;
			buildSettings = {
				ASSETCATALOG_COMPILER_APPICON_NAME = AppIcon;
				ASSETCATALOG_COMPILER_LAUNCHIMAGE_NAME = LaunchImage;
				CODE_SIGN_IDENTITY = "iPhone Developer: Charly Delaroche (75273S5FXF)";
				GCC_PRECOMPILE_PREFIX_HEADER = YES;
				GCC_PREFIX_HEADER = "CitronGIS/CitronGIS-Prefix.pch";
				HEADER_SEARCH_PATHS = (
					"\"${PODS_ROOT}/Headers\"",
					"\"${PODS_ROOT}/Headers/AFNetworking\"",
					"\"$(SRCROOT)/../Proj4-master/\"",
				);
				INFOPLIST_FILE = "CitronGIS/CitronGIS-Info.plist";
				IPHONEOS_DEPLOYMENT_TARGET = 7.0;
				LIBRARY_SEARCH_PATHS = (
					"$(inherited)",
					"/Users/charlydelaroche/Documents/citrongis-ios/SVProgressHUD-master/build/Debug-iphoneos",
					"/Users/charlydelaroche/Documents/citrongis-ios/Proj4-master/build/Debug-iphoneos",
				);
				PRODUCT_NAME = "$(TARGET_NAME)";
				PROVISIONING_PROFILE = "1732DF5F-C64B-4800-8CCE-14F229C6607D";
				WRAPPER_EXTENSION = app;
			};
			name = Debug;
		};
		6D92314C191EBCF6009F5A5A /* Release */ = {
			isa = XCBuildConfiguration;
			baseConfigurationReference = EB87686F11BE42FC8F268422 /* Pods.xcconfig */;
			buildSettings = {
				ASSETCATALOG_COMPILER_APPICON_NAME = AppIcon;
				ASSETCATALOG_COMPILER_LAUNCHIMAGE_NAME = LaunchImage;
				GCC_PRECOMPILE_PREFIX_HEADER = YES;
				GCC_PREFIX_HEADER = "CitronGIS/CitronGIS-Prefix.pch";
				HEADER_SEARCH_PATHS = (
					"\"${PODS_ROOT}/Headers\"",
					"\"${PODS_ROOT}/Headers/AFNetworking\"",
					"\"$(SRCROOT)/../Proj4-master/\"",
				);
				INFOPLIST_FILE = "CitronGIS/CitronGIS-Info.plist";
				IPHONEOS_DEPLOYMENT_TARGET = 7.0;
				LIBRARY_SEARCH_PATHS = (
					"$(inherited)",
					"/Users/charlydelaroche/Documents/citrongis-ios/SVProgressHUD-master/build/Debug-iphoneos",
					"/Users/charlydelaroche/Documents/citrongis-ios/Proj4-master/build/Debug-iphoneos",
				);
				PRODUCT_NAME = "$(TARGET_NAME)";
				PROVISIONING_PROFILE = "EB27A828-3BD7-40AB-AB6A-2AD20DD78E62";
				WRAPPER_EXTENSION = app;
			};
			name = Release;
		};
		6D92314E191EBCF6009F5A5A /* Debug */ = {
			isa = XCBuildConfiguration;
			buildSettings = {
				BUNDLE_LOADER = "$(BUILT_PRODUCTS_DIR)/CitronGIS.app/CitronGIS";
				FRAMEWORK_SEARCH_PATHS = (
					"$(SDKROOT)/Developer/Library/Frameworks",
					"$(inherited)",
					"$(DEVELOPER_FRAMEWORKS_DIR)",
				);
				GCC_PRECOMPILE_PREFIX_HEADER = YES;
				GCC_PREFIX_HEADER = "CitronGIS/CitronGIS-Prefix.pch";
				GCC_PREPROCESSOR_DEFINITIONS = (
					"DEBUG=1",
					"$(inherited)",
				);
				INFOPLIST_FILE = "CitronGISTests/CitronGISTests-Info.plist";
				PRODUCT_NAME = "$(TARGET_NAME)";
				TEST_HOST = "$(BUNDLE_LOADER)";
				WRAPPER_EXTENSION = xctest;
			};
			name = Debug;
		};
		6D92314F191EBCF6009F5A5A /* Release */ = {
			isa = XCBuildConfiguration;
			buildSettings = {
				BUNDLE_LOADER = "$(BUILT_PRODUCTS_DIR)/CitronGIS.app/CitronGIS";
				FRAMEWORK_SEARCH_PATHS = (
					"$(SDKROOT)/Developer/Library/Frameworks",
					"$(inherited)",
					"$(DEVELOPER_FRAMEWORKS_DIR)",
				);
				GCC_PRECOMPILE_PREFIX_HEADER = YES;
				GCC_PREFIX_HEADER = "CitronGIS/CitronGIS-Prefix.pch";
				INFOPLIST_FILE = "CitronGISTests/CitronGISTests-Info.plist";
				PRODUCT_NAME = "$(TARGET_NAME)";
				TEST_HOST = "$(BUNDLE_LOADER)";
				WRAPPER_EXTENSION = xctest;
			};
			name = Release;
		};
/* End XCBuildConfiguration section */

/* Begin XCConfigurationList section */
		6D923110191EBCF5009F5A5A /* Build configuration list for PBXProject "CitronGIS" */ = {
			isa = XCConfigurationList;
			buildConfigurations = (
				6D923148191EBCF6009F5A5A /* Debug */,
				6D923149191EBCF6009F5A5A /* Release */,
			);
			defaultConfigurationIsVisible = 0;
			defaultConfigurationName = Release;
		};
		6D92314A191EBCF6009F5A5A /* Build configuration list for PBXNativeTarget "CitronGIS" */ = {
			isa = XCConfigurationList;
			buildConfigurations = (
				6D92314B191EBCF6009F5A5A /* Debug */,
				6D92314C191EBCF6009F5A5A /* Release */,
			);
			defaultConfigurationIsVisible = 0;
			defaultConfigurationName = Release;
		};
		6D92314D191EBCF6009F5A5A /* Build configuration list for PBXNativeTarget "CitronGISTests" */ = {
			isa = XCConfigurationList;
			buildConfigurations = (
				6D92314E191EBCF6009F5A5A /* Debug */,
				6D92314F191EBCF6009F5A5A /* Release */,
			);
			defaultConfigurationIsVisible = 0;
			defaultConfigurationName = Release;
		};
/* End XCConfigurationList section */
	};
	rootObject = 6D92310D191EBCF5009F5A5A /* Project object */;
}
